version = 1
revision = 3
requires-python = ">=3.14"

[[package]]
name = "certifi"
version = "2026.1.4"
source = { registry = "https://pypi.org/simple" }
sdist = { url = "https://files.pythonhosted.org/packages/e0/2d/a891ca51311197f6ad14a7ef42e2399f36cf2f9bd44752b3dc4eab60fdc5/certifi-2026.1.4.tar.gz", hash = "sha256:ac726dd470482006e014ad384921ed6438c457018f4b3d204aea4281258b2120", size = 154268, upload-time = "2026-01-04T02:42:41.825Z" }
wheels = [
    { url = "https://files.pythonhosted.org/packages/e6/ad/3cc14f097111b4de0040c83a525973216457bbeeb63739ef1ed275c1c021/certifi-2026.1.4-py3-none-any.whl", hash = "sha256:9943707519e4add1115f44c2bc244f782c0249876bf51b6599fee1ffbedd685c", size = 152900, upload-time = "2026-01-04T02:42:40.15Z" },
]

[[package]]
name = "charset-normalizer"
version = "3.4.4"
source = { registry = "https://pypi.org/simple" }
sdist = { url = "https://files.pythonhosted.org/packages/13/69/33ddede1939fdd074bce5434295f38fae7136463422fe4fd3e0e89b98062/charset_normalizer-3.4.4.tar.gz", hash = "sha256:94537985111c35f28720e43603b8e7b43a6ecfb2ce1d3058bbe955b73404e21a", size = 129418, upload-time = "2025-10-14T04:42:32.879Z" }
wheels = [
    { url = "https://files.pythonhosted.org/packages/2a/35/7051599bd493e62411d6ede36fd5af83a38f37c4767b92884df7301db25d/charset_normalizer-3.4.4-cp314-cp314-macosx_10_13_universal2.whl", hash = "sha256:da3326d9e65ef63a817ecbcc0df6e94463713b754fe293eaa03da99befb9a5bd", size = 207746, upload-time = "2025-10-14T04:41:33.773Z" },
    { url = "https://files.pythonhosted.org/packages/10/9a/97c8d48ef10d6cd4fcead2415523221624bf58bcf68a802721a6bc807c8f/charset_normalizer-3.4.4-cp314-cp314-manylinux2014_aarch64.manylinux_2_17_aarch64.manylinux_2_28_aarch64.whl", hash = "sha256:8af65f14dc14a79b924524b1e7fffe304517b2bff5a58bf64f30b98bbc5079eb", size = 147889, upload-time = "2025-10-14T04:41:34.897Z" },
    { url = "https://files.pythonhosted.org/packages/10/bf/979224a919a1b606c82bd2c5fa49b5c6d5727aa47b4312bb27b1734f53cd/charset_normalizer-3.4.4-cp314-cp314-manylinux2014_armv7l.manylinux_2_17_armv7l.manylinux_2_31_armv7l.whl", hash = "sha256:74664978bb272435107de04e36db5a9735e78232b85b77d45cfb38f758efd33e", size = 143641, upload-time = "2025-10-14T04:41:36.116Z" },
    { url = "https://files.pythonhosted.org/packages/ba/33/0ad65587441fc730dc7bd90e9716b30b4702dc7b617e6ba4997dc8651495/charset_normalizer-3.4.4-cp314-cp314-manylinux2014_ppc64le.manylinux_2_17_ppc64le.manylinux_2_28_ppc64le.whl", hash = "sha256:752944c7ffbfdd10c074dc58ec2d5a8a4cd9493b314d367c14d24c17684ddd14", size = 160779, upload-time = "2025-10-14T04:41:37.229Z" },
    { url = "https://files.pythonhosted.org/packages/67/ed/331d6b249259ee71ddea93f6f2f0a56cfebd46938bde6fcc6f7b9a3d0e09/charset_normalizer-3.4.4-cp314-cp314-manylinux2014_s390x.manylinux_2_17_s390x.manylinux_2_28_s390x.whl", hash = "sha256:d1f13550535ad8cff21b8d757a3257963e951d96e20ec82ab44bc64aeb62a191", size = 159035, upload-time = "2025-10-14T04:41:38.368Z" },
    { url = "https://files.pythonhosted.org/packages/67/ff/f6b948ca32e4f2a4576aa129d8bed61f2e0543bf9f5f2b7fc3758ed005c9/charset_normalizer-3.4.4-cp314-cp314-manylinux2014_x86_64.manylinux_2_17_x86_64.manylinux_2_28_x86_64.whl", hash = "sha256:ecaae4149d99b1c9e7b88bb03e3221956f68fd6d50be2ef061b2381b61d20838", size = 152542, upload-time = "2025-10-14T04:41:39.862Z" },
    { url = "https://files.pythonhosted.org/packages/16/85/276033dcbcc369eb176594de22728541a925b2632f9716428c851b149e83/charset_normalizer-3.4.4-cp314-cp314-manylinux_2_31_riscv64.manylinux_2_39_riscv64.whl", hash = "sha256:cb6254dc36b47a990e59e1068afacdcd02958bdcce30bb50cc1700a8b9d624a6", size = 149524, upload-time = "2025-10-14T04:41:41.319Z" },
    { url = "https://files.pythonhosted.org/packages/9e/f2/6a2a1f722b6aba37050e626530a46a68f74e63683947a8acff92569f979a/charset_normalizer-3.4.4-cp314-cp314-musllinux_1_2_aarch64.whl", hash = "sha256:c8ae8a0f02f57a6e61203a31428fa1d677cbe50c93622b4149d5c0f319c1d19e", size = 150395, upload-time = "2025-10-14T04:41:42.539Z" },
    { url = "https://files.pythonhosted.org/packages/60/bb/2186cb2f2bbaea6338cad15ce23a67f9b0672929744381e28b0592676824/charset_normalizer-3.4.4-cp314-cp314-musllinux_1_2_armv7l.whl", hash = "sha256:47cc91b2f4dd2833fddaedd2893006b0106129d4b94fdb6af1f4ce5a9965577c", size = 143680, upload-time = "2025-10-14T04:41:43.661Z" },
    { url = "https://files.pythonhosted.org/packages/7d/a5/bf6f13b772fbb2a90360eb620d52ed8f796f3c5caee8398c3b2eb7b1c60d/charset_normalizer-3.4.4-cp314-cp314-musllinux_1_2_ppc64le.whl", hash = "sha256:82004af6c302b5d3ab2cfc4cc5f29db16123b1a8417f2e25f9066f91d4411090", size = 162045, upload-time = "2025-10-14T04:41:44.821Z" },
    { url = "https://files.pythonhosted.org/packages/df/c5/d1be898bf0dc3ef9030c3825e5d3b83f2c528d207d246cbabe245966808d/charset_normalizer-3.4.4-cp314-cp314-musllinux_1_2_riscv64.whl", hash = "sha256:2b7d8f6c26245217bd2ad053761201e9f9680f8ce52f0fcd8d0755aeae5b2152", size = 149687, upload-time = "2025-10-14T04:41:46.442Z" },
    { url = "https://files.pythonhosted.org/packages/a5/42/90c1f7b9341eef50c8a1cb3f098ac43b0508413f33affd762855f67a410e/charset_normalizer-3.4.4-cp314-cp314-musllinux_1_2_s390x.whl", hash = "sha256:799a7a5e4fb2d5898c60b640fd4981d6a25f1c11790935a44ce38c54e985f828", size = 160014, upload-time = "2025-10-14T04:41:47.631Z" },
    { url = "https://files.pythonhosted.org/packages/76/be/4d3ee471e8145d12795ab655ece37baed0929462a86e72372fd25859047c/charset_normalizer-3.4.4-cp314-cp314-musllinux_1_2_x86_64.whl", hash = "sha256:99ae2cffebb06e6c22bdc25801d7b30f503cc87dbd283479e7b606f70aff57ec", size = 154044, upload-time = "2025-10-14T04:41:48.81Z" },
    { url = "https://files.pythonhosted.org/packages/b0/6f/8f7af07237c34a1defe7defc565a9bc1807762f672c0fde711a4b22bf9c0/charset_normalizer-3.4.4-cp314-cp314-win32.whl", hash = "sha256:f9d332f8c2a2fcbffe1378594431458ddbef721c1769d78e2cbc06280d8155f9", size = 99940, upload-time = "2025-10-14T04:41:49.946Z" },
    { url = "https://files.pythonhosted.org/packages/4b/51/8ade005e5ca5b0d80fb4aff72a3775b325bdc3d27408c8113811a7cbe640/charset_normalizer-3.4.4-cp314-cp314-win_amd64.whl", hash = "sha256:8a6562c3700cce886c5be75ade4a5db4214fda19fede41d9792d100288d8f94c", size = 107104, upload-time = "2025-10-14T04:41:51.051Z" },
    { url = "https://files.pythonhosted.org/packages/da/5f/6b8f83a55bb8278772c5ae54a577f3099025f9ade59d0136ac24a0df4bde/charset_normalizer-3.4.4-cp314-cp314-win_arm64.whl", hash = "sha256:de00632ca48df9daf77a2c65a484531649261ec9f25489917f09e455cb09ddb2", size = 100743, upload-time = "2025-10-14T04:41:52.122Z" },
    { url = "https://files.pythonhosted.org/packages/0a/4c/925909008ed5a988ccbb72dcc897407e5d6d3bd72410d69e051fc0c14647/charset_normalizer-3.4.4-py3-none-any.whl", hash = "sha256:7a32c560861a02ff789ad905a2fe94e3f840803362c84fecf1851cb4cf3dc37f", size = 53402, upload-time = "2025-10-14T04:42:31.76Z" },
]

[[package]]
name = "google-api-core"
version = "2.29.0"
source = { registry = "https://pypi.org/simple" }
dependencies = [
    { name = "google-auth" },
    { name = "googleapis-common-protos" },
    { name = "proto-plus" },
    { name = "protobuf" },
    { name = "requests" },
]
sdist = { url = "https://files.pythonhosted.org/packages/0d/10/05572d33273292bac49c2d1785925f7bc3ff2fe50e3044cf1062c1dde32e/google_api_core-2.29.0.tar.gz", hash = "sha256:84181be0f8e6b04006df75ddfe728f24489f0af57c96a529ff7cf45bc28797f7", size = 177828, upload-time = "2026-01-08T22:21:39.269Z" }
wheels = [
    { url = "https://files.pythonhosted.org/packages/77/b6/85c4d21067220b9a78cfb81f516f9725ea6befc1544ec9bd2c1acd97c324/google_api_core-2.29.0-py3-none-any.whl", hash = "sha256:d30bc60980daa36e314b5d5a3e5958b0200cb44ca8fa1be2b614e932b75a3ea9", size = 173906, upload-time = "2026-01-08T22:21:36.093Z" },
]

[[package]]
name = "google-api-python-client"
version = "2.188.0"
source = { registry = "https://pypi.org/simple" }
dependencies = [
    { name = "google-api-core" },
    { name = "google-auth" },
    { name = "google-auth-httplib2" },
    { name = "httplib2" },
    { name = "uritemplate" },
]
sdist = { url = "https://files.pythonhosted.org/packages/a8/d7/14613c7efbab5b428b400961f5dbac46ad9e019c44e1f3fd14d67c33111c/google_api_python_client-2.188.0.tar.gz", hash = "sha256:5c469db6614f071009e3e5bb8b6aeeccae3beb3647fa9c6cd97f0d551edde0b6", size = 14302906, upload-time = "2026-01-13T22:15:13.747Z" }
wheels = [
    { url = "https://files.pythonhosted.org/packages/33/67/a99a7d79d7a37a67cb8008f1d7dcedc46d29c6df5063aeb446112afd4aa4/google_api_python_client-2.188.0-py3-none-any.whl", hash = "sha256:3cad1b68f9d48b82b93d77927e8370a6f43f33d97848242601f14a93a1c70ef5", size = 14870005, upload-time = "2026-01-13T22:15:11.345Z" },
]

[[package]]
name = "google-auth"
version = "2.47.0"
source = { registry = "https://pypi.org/simple" }
dependencies = [
    { name = "pyasn1-modules" },
    { name = "rsa" },
]
sdist = { url = "https://files.pythonhosted.org/packages/60/3c/ec64b9a275ca22fa1cd3b6e77fefcf837b0732c890aa32d2bd21313d9b33/google_auth-2.47.0.tar.gz", hash = "sha256:833229070a9dfee1a353ae9877dcd2dec069a8281a4e72e72f77d4a70ff945da", size = 323719, upload-time = "2026-01-06T21:55:31.045Z" }
wheels = [
    { url = "https://files.pythonhosted.org/packages/db/18/79e9008530b79527e0d5f79e7eef08d3b179b7f851cfd3a2f27822fbdfa9/google_auth-2.47.0-py3-none-any.whl", hash = "sha256:c516d68336bfde7cf0da26aab674a36fedcf04b37ac4edd59c597178760c3498", size = 234867, upload-time = "2026-01-06T21:55:28.6Z" },
]

[[package]]
name = "google-auth-httplib2"
version = "0.3.0"
source = { registry = "https://pypi.org/simple" }
dependencies = [
    { name = "google-auth" },
    { name = "httplib2" },
]
sdist = { url = "https://files.pythonhosted.org/packages/d5/ad/c1f2b1175096a8d04cf202ad5ea6065f108d26be6fc7215876bde4a7981d/google_auth_httplib2-0.3.0.tar.gz", hash = "sha256:177898a0175252480d5ed916aeea183c2df87c1f9c26705d74ae6b951c268b0b", size = 11134, upload-time = "2025-12-15T22:13:51.825Z" }
wheels = [
    { url = "https://files.pythonhosted.org/packages/99/d5/3c97526c8796d3caf5f4b3bed2b05e8a7102326f00a334e7a438237f3b22/google_auth_httplib2-0.3.0-py3-none-any.whl", hash = "sha256:426167e5df066e3f5a0fc7ea18768c08e7296046594ce4c8c409c2457dd1f776", size = 9529, upload-time = "2025-12-15T22:13:51.048Z" },
]

[[package]]
name = "google-auth-oauthlib"
version = "1.2.4"
source = { registry = "https://pypi.org/simple" }
dependencies = [
    { name = "google-auth" },
    { name = "requests-oauthlib" },
]
sdist = { url = "https://files.pythonhosted.org/packages/90/dd/211f27c1e927e2292c2a71d5df1a2aaf261ce50ba7d50848c6ee24e20970/google_auth_oauthlib-1.2.4.tar.gz", hash = "sha256:3ca93859c6cc9003c8e12b2a0868915209d7953f05a70f4880ab57d57e56ee3e", size = 21185, upload-time = "2026-01-15T22:03:10.027Z" }
wheels = [
    { url = "https://files.pythonhosted.org/packages/84/21/fb96db432d187b07756e62971c4d89bdef70259e4cfa76ee32bcc0ac97d1/google_auth_oauthlib-1.2.4-py3-none-any.whl", hash = "sha256:0e922eea5f2baacaf8867febb782e46e7b153236c21592ed76ab3ddb77ffd772", size = 19193, upload-time = "2026-01-15T22:03:09.046Z" },
]

[[package]]
name = "googleapis-common-protos"
version = "1.72.0"
source = { registry = "https://pypi.org/simple" }
dependencies = [
    { name = "protobuf" },
]
sdist = { url = "https://files.pythonhosted.org/packages/e5/7b/adfd75544c415c487b33061fe7ae526165241c1ea133f9a9125a56b39fd8/googleapis_common_protos-1.72.0.tar.gz", hash = "sha256:e55a601c1b32b52d7a3e65f43563e2aa61bcd737998ee672ac9b951cd49319f5", size = 147433, upload-time = "2025-11-06T18:29:24.087Z" }
wheels = [
    { url = "https://files.pythonhosted.org/packages/c4/ab/09169d5a4612a5f92490806649ac8d41e3ec9129c636754575b3553f4ea4/googleapis_common_protos-1.72.0-py3-none-any.whl", hash = "sha256:4299c5a82d5ae1a9702ada957347726b167f9f8d1fc352477702a1e851ff4038", size = 297515, upload-time = "2025-11-06T18:29:13.14Z" },
]

[[package]]
name = "greenlet"
version = "3.3.1"
source = { registry = "https://pypi.org/simple" }
sdist = { url = "https://files.pythonhosted.org/packages/8a/99/1cd3411c56a410994669062bd73dd58270c00cc074cac15f385a1fd91f8a/greenlet-3.3.1.tar.gz", hash = "sha256:41848f3230b58c08bb43dee542e74a2a2e34d3c59dc3076cec9151aeeedcae98", size = 184690, upload-time = "2026-01-23T15:31:02.076Z" }
wheels = [
    { url = "https://files.pythonhosted.org/packages/ae/fb/011c7c717213182caf78084a9bea51c8590b0afda98001f69d9f853a495b/greenlet-3.3.1-cp314-cp314-macosx_11_0_universal2.whl", hash = "sha256:bd59acd8529b372775cd0fcbc5f420ae20681c5b045ce25bd453ed8455ab99b5", size = 275737, upload-time = "2026-01-23T15:32:16.889Z" },
    { url = "https://files.pythonhosted.org/packages/41/2e/a3a417d620363fdbb08a48b1dd582956a46a61bf8fd27ee8164f9dfe87c2/greenlet-3.3.1-cp314-cp314-manylinux_2_24_aarch64.manylinux_2_28_aarch64.whl", hash = "sha256:b31c05dd84ef6871dd47120386aed35323c944d86c3d91a17c4b8d23df62f15b", size = 646422, upload-time = "2026-01-23T16:01:00.354Z" },
    { url = "https://files.pythonhosted.org/packages/b4/09/c6c4a0db47defafd2d6bab8ddfe47ad19963b4e30f5bed84d75328059f8c/greenlet-3.3.1-cp314-cp314-manylinux_2_24_ppc64le.manylinux_2_28_ppc64le.whl", hash = "sha256:02925a0bfffc41e542c70aa14c7eda3593e4d7e274bfcccca1827e6c0875902e", size = 658219, upload-time = "2026-01-23T16:05:30.956Z" },
    { url = "https://files.pythonhosted.org/packages/e2/89/b95f2ddcc5f3c2bc09c8ee8d77be312df7f9e7175703ab780f2014a0e781/greenlet-3.3.1-cp314-cp314-manylinux_2_24_s390x.manylinux_2_28_s390x.whl", hash = "sha256:3e0f3878ca3a3ff63ab4ea478585942b53df66ddde327b59ecb191b19dbbd62d", size = 671455, upload-time = "2026-01-23T16:15:57.232Z" },
    { url = "https://files.pythonhosted.org/packages/80/38/9d42d60dffb04b45f03dbab9430898352dba277758640751dc5cc316c521/greenlet-3.3.1-cp314-cp314-manylinux_2_24_x86_64.manylinux_2_28_x86_64.whl", hash = "sha256:34a729e2e4e4ffe9ae2408d5ecaf12f944853f40ad724929b7585bca808a9d6f", size = 660237, upload-time = "2026-01-23T15:32:53.967Z" },
    { url = "https://files.pythonhosted.org/packages/96/61/373c30b7197f9e756e4c81ae90a8d55dc3598c17673f91f4d31c3c689c3f/greenlet-3.3.1-cp314-cp314-musllinux_1_2_aarch64.whl", hash = "sha256:aec9ab04e82918e623415947921dea15851b152b822661cce3f8e4393c3df683", size = 1615261, upload-time = "2026-01-23T16:04:25.066Z" },
    { url = "https://files.pythonhosted.org/packages/fd/d3/ca534310343f5945316f9451e953dcd89b36fe7a19de652a1dc5a0eeef3f/greenlet-3.3.1-cp314-cp314-musllinux_1_2_x86_64.whl", hash = "sha256:71c767cf281a80d02b6c1bdc41c9468e1f5a494fb11bc8688c360524e273d7b1", size = 1683719, upload-time = "2026-01-23T15:33:50.61Z" },
    { url = "https://files.pythonhosted.org/packages/52/cb/c21a3fd5d2c9c8b622e7bede6d6d00e00551a5ee474ea6d831b5f567a8b4/greenlet-3.3.1-cp314-cp314-win_amd64.whl", hash = "sha256:96aff77af063b607f2489473484e39a0bbae730f2ea90c9e5606c9b73c44174a", size = 228125, upload-time = "2026-01-23T15:32:45.265Z" },
    { url = "https://files.pythonhosted.org/packages/6a/8e/8a2db6d11491837af1de64b8aff23707c6e85241be13c60ed399a72e2ef8/greenlet-3.3.1-cp314-cp314-win_arm64.whl", hash = "sha256:b066e8b50e28b503f604fa538adc764a638b38cf8e81e025011d26e8a627fa79", size = 227519, upload-time = "2026-01-23T15:31:47.284Z" },
    { url = "https://files.pythonhosted.org/packages/28/24/cbbec49bacdcc9ec652a81d3efef7b59f326697e7edf6ed775a5e08e54c2/greenlet-3.3.1-cp314-cp314t-macosx_11_0_universal2.whl", hash = "sha256:3e63252943c921b90abb035ebe9de832c436401d9c45f262d80e2d06cc659242", size = 282706, upload-time = "2026-01-23T15:33:05.525Z" },
    { url = "https://files.pythonhosted.org/packages/86/2e/4f2b9323c144c4fe8842a4e0d92121465485c3c2c5b9e9b30a52e80f523f/greenlet-3.3.1-cp314-cp314t-manylinux_2_24_aarch64.manylinux_2_28_aarch64.whl", hash = "sha256:76e39058e68eb125de10c92524573924e827927df5d3891fbc97bd55764a8774", size = 651209, upload-time = "2026-01-23T16:01:01.517Z" },
    { url = "https://files.pythonhosted.org/packages/d9/87/50ca60e515f5bb55a2fbc5f0c9b5b156de7d2fc51a0a69abc9d23914a237/greenlet-3.3.1-cp314-cp314t-manylinux_2_24_ppc64le.manylinux_2_28_ppc64le.whl", hash = "sha256:c9f9d5e7a9310b7a2f416dd13d2e3fd8b42d803968ea580b7c0f322ccb389b97", size = 654300, upload-time = "2026-01-23T16:05:32.199Z" },
    { url = "https://files.pythonhosted.org/packages/7c/25/c51a63f3f463171e09cb586eb64db0861eb06667ab01a7968371a24c4f3b/greenlet-3.3.1-cp314-cp314t-manylinux_2_24_s390x.manylinux_2_28_s390x.whl", hash = "sha256:4b9721549a95db96689458a1e0ae32412ca18776ed004463df3a9299c1b257ab", size = 662574, upload-time = "2026-01-23T16:15:58.364Z" },
    { url = "https://files.pythonhosted.org/packages/1d/94/74310866dfa2b73dd08659a3d18762f83985ad3281901ba0ee9a815194fb/greenlet-3.3.1-cp314-cp314t-manylinux_2_24_x86_64.manylinux_2_28_x86_64.whl", hash = "sha256:92497c78adf3ac703b57f1e3813c2d874f27f71a178f9ea5887855da413cd6d2", size = 653842, upload-time = "2026-01-23T15:32:55.671Z" },
    { url = "https://files.pythonhosted.org/packages/97/43/8bf0ffa3d498eeee4c58c212a3905dd6146c01c8dc0b0a046481ca29b18c/greenlet-3.3.1-cp314-cp314t-musllinux_1_2_aarch64.whl", hash = "sha256:ed6b402bc74d6557a705e197d47f9063733091ed6357b3de33619d8a8d93ac53", size = 1614917, upload-time = "2026-01-23T16:04:26.276Z" },
    { url = "https://files.pythonhosted.org/packages/89/90/a3be7a5f378fc6e84abe4dcfb2ba32b07786861172e502388b4c90000d1b/greenlet-3.3.1-cp314-cp314t-musllinux_1_2_x86_64.whl", hash = "sha256:59913f1e5ada20fde795ba906916aea25d442abcc0593fba7e26c92b7ad76249", size = 1676092, upload-time = "2026-01-23T15:33:52.176Z" },
    { url = "https://files.pythonhosted.org/packages/e1/2b/98c7f93e6db9977aaee07eb1e51ca63bd5f779b900d362791d3252e60558/greenlet-3.3.1-cp314-cp314t-win_amd64.whl", hash = "sha256:301860987846c24cb8964bdec0e31a96ad4a2a801b41b4ef40963c1b44f33451", size = 233181, upload-time = "2026-01-23T15:33:00.29Z" },
]

[[package]]
name = "hackathon-0"
version = "0.1.0"
source = { virtual = "." }
dependencies = [
    { name = "google-api-python-client" },
    { name = "google-auth-httplib2" },
    { name = "google-auth-oauthlib" },
    { name = "playwright" },
    { name = "python-dotenv" },
    { name = "watchdog" },
]

[package.metadata]
requires-dist = [
    { name = "google-api-python-client", specifier = ">=2.188.0" },
    { name = "google-auth-httplib2", specifier = ">=0.3.0" },
    { name = "google-auth-oauthlib", specifier = ">=1.2.4" },
    { name = "playwright", specifier = ">=1.57.0" },
    { name = "python-dotenv", specifier = ">=1.2.1" },
    { name = "watchdog", specifier = ">=6.0.0" },
]

[[package]]
name = "httplib2"
version = "0.31.1"
source = { registry = "https://pypi.org/simple" }
dependencies = [
    { name = "pyparsing" },
]
sdist = { url = "https://files.pythonhosted.org/packages/77/df/6eb1d485a513776bbdbb1c919b72e59b5acc51c5e7ef28ad1cd444e252a3/httplib2-0.31.1.tar.gz", hash = "sha256:21591655ac54953624c6ab8d587c71675e379e31e2cfe3147c83c11e9ef41f92", size = 250746, upload-time = "2026-01-13T12:14:14.365Z" }
wheels = [
    { url = "https://files.pythonhosted.org/packages/f0/d8/1b05076441c2f01e4b64f59e5255edc2f0384a711b6d618845c023dc269b/httplib2-0.31.1-py3-none-any.whl", hash = "sha256:d520d22fa7e50c746a7ed856bac298c4300105d01bc2d8c2580a9b57fb9ed617", size = 91101, upload-time = "2026-01-13T12:14:12.676Z" },
]

[[package]]
name = "idna"
version = "3.11"
source = { registry = "https://pypi.org/simple" }
sdist = { url = "https://files.pythonhosted.org/packages/6f/6d/0703ccc57f3a7233505399edb88de3cbd678da106337b9fcde432b65ed60/idna-3.11.tar.gz", hash = "sha256:795dafcc9c04ed0c1fb032c2aa73654d8e8c5023a7df64a53f39190ada629902", size = 194582, upload-time = "2025-10-12T14:55:20.501Z" }
wheels = [
    { url = "https://files.pythonhosted.org/packages/0e/61/66938bbb5fc52dbdf84594873d5b51fb1f7c7794e9c0f5bd885f30bc507b/idna-3.11-py3-none-any.whl", hash = "sha256:771a87f49d9defaf64091e6e6fe9c18d4833f140bd19464795bc32d966ca37ea", size = 71008, upload-time = "2025-10-12T14:55:18.883Z" },
]

[[package]]
name = "oauthlib"
version = "3.3.1"
source = { registry = "https://pypi.org/simple" }
sdist = { url = "https://files.pythonhosted.org/packages/0b/5f/19930f824ffeb0ad4372da4812c50edbd1434f678c90c2733e1188edfc63/oauthlib-3.3.1.tar.gz", hash = "sha256:0f0f8aa759826a193cf66c12ea1af1637f87b9b4622d46e866952bb022e538c9", size = 185918, upload-time = "2025-06-19T22:48:08.269Z" }
wheels = [
    { url = "https://files.pythonhosted.org/packages/be/9c/92789c596b8df838baa98fa71844d84283302f7604ed565dafe5a6b5041a/oauthlib-3.3.1-py3-none-any.whl", hash = "sha256:88119c938d2b8fb88561af5f6ee0eec8cc8d552b7bb1f712743136eb7523b7a1", size = 160065, upload-time = "2025-06-19T22:48:06.508Z" },
]

[[package]]
name = "playwright"
version = "1.57.0"
source = { registry = "https://pypi.org/simple" }
dependencies = [
    { name = "greenlet" },
    { name = "pyee" },
]
wheels = [
    { url = "https://files.pythonhosted.org/packages/ed/b6/e17543cea8290ae4dced10be21d5a43c360096aa2cce0aa7039e60c50df3/playwright-1.57.0-py3-none-macosx_10_13_x86_64.whl", hash = "sha256:9351c1ac3dfd9b3820fe7fc4340d96c0d3736bb68097b9b7a69bd45d25e9370c", size = 41985039, upload-time = "2025-12-09T08:06:18.408Z" },
    { url = "https://files.pythonhosted.org/packages/8b/04/ef95b67e1ff59c080b2effd1a9a96984d6953f667c91dfe9d77c838fc956/playwright-1.57.0-py3-none-macosx_11_0_arm64.whl", hash = "sha256:a4a9d65027bce48eeba842408bcc1421502dfd7e41e28d207e94260fa93ca67e", size = 40775575, upload-time = "2025-12-09T08:06:22.105Z" },
    { url = "https://files.pythonhosted.org/packages/60/bd/5563850322a663956c927eefcf1457d12917e8f118c214410e815f2147d1/playwright-1.57.0-py3-none-macosx_11_0_universal2.whl", hash = "sha256:99104771abc4eafee48f47dac2369e0015516dc1ce8c409807d2dd440828b9a4", size = 41985042, upload-time = "2025-12-09T08:06:25.357Z" },
    { url = "https://files.pythonhosted.org/packages/56/61/3a803cb5ae0321715bfd5247ea871d25b32c8f372aeb70550a90c5f586df/playwright-1.57.0-py3-none-manylinux1_x86_64.whl", hash = "sha256:284ed5a706b7c389a06caa431b2f0ba9ac4130113c3a779767dda758c2497bb1", size = 45975252, upload-time = "2025-12-09T08:06:29.186Z" },
    { url = "https://files.pythonhosted.org/packages/83/d7/b72eb59dfbea0013a7f9731878df8c670f5f35318cedb010c8a30292c118/playwright-1.57.0-py3-none-manylinux_2_17_aarch64.manylinux2014_aarch64.whl", hash = "sha256:38a1bae6c0a07839cdeaddbc0756b3b2b85e476c07945f64ece08f1f956a86f1", size = 45706917, upload-time = "2025-12-09T08:06:32.549Z" },
    { url = "https://files.pythonhosted.org/packages/e4/09/3fc9ebd7c95ee54ba6a68d5c0bc23e449f7235f4603fc60534a364934c16/playwright-1.57.0-py3-none-win32.whl", hash = "sha256:1dd93b265688da46e91ecb0606d36f777f8eadcf7fbef12f6426b20bf0c9137c", size = 36553860, upload-time = "2025-12-09T08:06:35.864Z" },
    { url = "https://files.pythonhosted.org/packages/58/d4/dcdfd2a33096aeda6ca0d15584800443dd2be64becca8f315634044b135b/playwright-1.57.0-py3-none-win_amd64.whl", hash = "sha256:6caefb08ed2c6f29d33b8088d05d09376946e49a73be19271c8cd5384b82b14c", size = 36553864, upload-time = "2025-12-09T08:06:38.915Z" },
    { url = "https://files.pythonhosted.org/packages/6a/60/fe31d7e6b8907789dcb0584f88be741ba388413e4fbce35f1eba4e3073de/playwright-1.57.0-py3-none-win_arm64.whl", hash = "sha256:5f065f5a133dbc15e6e7c71e7bc04f258195755b1c32a432b792e28338c8335e", size = 32837940, upload-time = "2025-12-09T08:06:42.268Z" },
]

[[package]]
name = "proto-plus"
version = "1.27.0"
source = { registry = "https://pypi.org/simple" }
dependencies = [
    { name = "protobuf" },
]
sdist = { url = "https://files.pythonhosted.org/packages/01/89/9cbe2f4bba860e149108b683bc2efec21f14d5f7ed6e25562ad86acbc373/proto_plus-1.27.0.tar.gz", hash = "sha256:873af56dd0d7e91836aee871e5799e1c6f1bda86ac9a983e0bb9f0c266a568c4", size = 56158, upload-time = "2025-12-16T13:46:25.729Z" }
wheels = [
    { url = "https://files.pythonhosted.org/packages/cd/24/3b7a0818484df9c28172857af32c2397b6d8fcd99d9468bd4684f98ebf0a/proto_plus-1.27.0-py3-none-any.whl", hash = "sha256:1baa7f81cf0f8acb8bc1f6d085008ba4171eaf669629d1b6d1673b21ed1c0a82", size = 50205, upload-time = "2025-12-16T13:46:24.76Z" },
]

[[package]]
name = "protobuf"
version = "6.33.4"
source = { registry = "https://pypi.org/simple" }
sdist = { url = "https://files.pythonhosted.org/packages/53/b8/cda15d9d46d03d4aa3a67cb6bffe05173440ccf86a9541afaf7ac59a1b6b/protobuf-6.33.4.tar.gz", hash = "sha256:dc2e61bca3b10470c1912d166fe0af67bfc20eb55971dcef8dfa48ce14f0ed91", size = 444346, upload-time = "2026-01-12T18:33:40.109Z" }
wheels = [
    { url = "https://files.pythonhosted.org/packages/e0/be/24ef9f3095bacdf95b458543334d0c4908ccdaee5130420bf064492c325f/protobuf-6.33.4-cp310-abi3-win32.whl", hash = "sha256:918966612c8232fc6c24c78e1cd89784307f5814ad7506c308ee3cf86662850d", size = 425612, upload-time = "2026-01-12T18:33:29.656Z" },
    { url = "https://files.pythonhosted.org/packages/31/ad/e5693e1974a28869e7cd244302911955c1cebc0161eb32dfa2b25b6e96f0/protobuf-6.33.4-cp310-abi3-win_amd64.whl", hash = "sha256:8f11ffae31ec67fc2554c2ef891dcb561dae9a2a3ed941f9e134c2db06657dbc", size = 436962, upload-time = "2026-01-12T18:33:31.345Z" },
    { url = "https://files.pythonhosted.org/packages/66/15/6ee23553b6bfd82670207ead921f4d8ef14c107e5e11443b04caeb5ab5ec/protobuf-6.33.4-cp39-abi3-macosx_10_9_universal2.whl", hash = "sha256:2fe67f6c014c84f655ee06f6f66213f9254b3a8b6bda6cda0ccd4232c73c06f0", size = 427612, upload-time = "2026-01-12T18:33:32.646Z" },
    { url = "https://files.pythonhosted.org/packages/2b/48/d301907ce6d0db75f959ca74f44b475a9caa8fcba102d098d3c3dd0f2d3f/protobuf-6.33.4-cp39-abi3-manylinux2014_aarch64.whl", hash = "sha256:757c978f82e74d75cba88eddec479df9b99a42b31193313b75e492c06a51764e", size = 324484, upload-time = "2026-01-12T18:33:33.789Z" },
    { url = "https://files.pythonhosted.org/packages/92/1c/e53078d3f7fe710572ab2dcffd993e1e3b438ae71cfc031b71bae44fcb2d/protobuf-6.33.4-cp39-abi3-manylinux2014_s390x.whl", hash = "sha256:c7c64f259c618f0bef7bee042075e390debbf9682334be2b67408ec7c1c09ee6", size = 339256, upload-time = "2026-01-12T18:33:35.231Z" },
    { url = "https://files.pythonhosted.org/packages/e8/8e/971c0edd084914f7ee7c23aa70ba89e8903918adca179319ee94403701d5/protobuf-6.33.4-cp39-abi3-manylinux2014_x86_64.whl", hash = "sha256:3df850c2f8db9934de4cf8f9152f8dc2558f49f298f37f90c517e8e5c84c30e9", size = 323311, upload-time = "2026-01-12T18:33:36.305Z" },
    { url = "https://files.pythonhosted.org/packages/75/b1/1dc83c2c661b4c62d56cc081706ee33a4fc2835bd90f965baa2663ef7676/protobuf-6.33.4-py3-none-any.whl", hash = "sha256:1fe3730068fcf2e595816a6c34fe66eeedd37d51d0400b72fabc848811fdc1bc", size = 170532, upload-time = "2026-01-12T18:33:39.199Z" },
]

[[package]]
name = "pyasn1"
version = "0.6.2"
source = { registry = "https://pypi.org/simple" }
sdist = { url = "https://files.pythonhosted.org/packages/fe/b6/6e630dff89739fcd427e3f72b3d905ce0acb85a45d4ec3e2678718a3487f/pyasn1-0.6.2.tar.gz", hash = "sha256:9b59a2b25ba7e4f8197db7686c09fb33e658b98339fadb826e9512629017833b", size = 146586, upload-time = "2026-01-16T18:04:18.534Z" }
wheels = [
    { url = "https://files.pythonhosted.org/packages/44/b5/a96872e5184f354da9c84ae119971a0a4c221fe9b27a4d94bd43f2596727/pyasn1-0.6.2-py3-none-any.whl", hash = "sha256:1eb26d860996a18e9b6ed05e7aae0e9fc21619fcee6af91cca9bad4fbea224bf", size = 83371, upload-time = "2026-01-16T18:04:17.174Z" },
]

[[package]]
name = "pyasn1-modules"
version = "0.4.2"
source = { registry = "https://pypi.org/simple" }
dependencies = [
    { name = "pyasn1" },
]
sdist = { url = "https://files.pythonhosted.org/packages/e9/e6/78ebbb10a8c8e4b61a59249394a4a594c1a7af95593dc933a349c8d00964/pyasn1_modules-0.4.2.tar.gz", hash = "sha256:677091de870a80aae844b1ca6134f54652fa2c8c5a52aa396440ac3106e941e6", size = 307892, upload-time = "2025-03-28T02:41:22.17Z" }
wheels = [
    { url = "https://files.pythonhosted.org/packages/47/8d/d529b5d697919ba8c11ad626e835d4039be708a35b0d22de83a269a6682c/pyasn1_modules-0.4.2-py3-none-any.whl", hash = "sha256:29253a9207ce32b64c3ac6600edc75368f98473906e8fd1043bd6b5b1de2c14a", size = 181259, upload-time = "2025-03-28T02:41:19.028Z" },
]

[[package]]
name = "pyee"
version = "13.0.0"
source = { registry = "https://pypi.org/simple" }
dependencies = [
    { name = "typing-extensions" },
]
sdist = { url = "https://files.pythonhosted.org/packages/95/03/1fd98d5841cd7964a27d729ccf2199602fe05eb7a405c1462eb7277945ed/pyee-13.0.0.tar.gz", hash = "sha256:b391e3c5a434d1f5118a25615001dbc8f669cf410ab67d04c4d4e07c55481c37", size = 31250, upload-time = "2025-03-17T18:53:15.955Z" }
wheels = [
    { url = "https://files.pythonhosted.org/packages/9b/4d/b9add7c84060d4c1906abe9a7e5359f2a60f7a9a4f67268b2766673427d8/pyee-13.0.0-py3-none-any.whl", hash = "sha256:48195a3cddb3b1515ce0695ed76036b5ccc2ef3a9f963ff9f77aec0139845498", size = 15730, upload-time = "2025-03-17T18:53:14.532Z" },
]

[[package]]
name = "pyparsing"
version = "3.3.2"
source = { registry = "https://pypi.org/simple" }
sdist = { url = "https://files.pythonhosted.org/packages/f3/91/9c6ee907786a473bf81c5f53cf703ba0957b23ab84c264080fb5a450416f/pyparsing-3.3.2.tar.gz", hash = "sha256:c777f4d763f140633dcb6d8a3eda953bf7a214dc4eff598413c070bcdc117cbc", size = 6851574, upload-time = "2026-01-21T03:57:59.36Z" }
wheels = [
    { url = "https://files.pythonhosted.org/packages/10/bd/c038d7cc38edc1aa5bf91ab8068b63d4308c66c4c8bb3cbba7dfbc049f9c/pyparsing-3.3.2-py3-none-any.whl", hash = "sha256:850ba148bd908d7e2411587e247a1e4f0327839c40e2e5e6d05a007ecc69911d", size = 122781, upload-time = "2026-01-21T03:57:55.912Z" },
]

[[package]]
name = "python-dotenv"
version = "1.2.1"
source = { registry = "https://pypi.org/simple" }
sdist = { url = "https://files.pythonhosted.org/packages/f0/26/19cadc79a718c5edbec86fd4919a6b6d3f681039a2f6d66d14be94e75fb9/python_dotenv-1.2.1.tar.gz", hash = "sha256:42667e897e16ab0d66954af0e60a9caa94f0fd4ecf3aaf6d2d260eec1aa36ad6", size = 44221, upload-time = "2025-10-26T15:12:10.434Z" }
wheels = [
    { url = "https://files.pythonhosted.org/packages/14/1b/a298b06749107c305e1fe0f814c6c74aea7b2f1e10989cb30f544a1b3253/python_dotenv-1.2.1-py3-none-any.whl", hash = "sha256:b81ee9561e9ca4004139c6cbba3a238c32b03e4894671e181b671e8cb8425d61", size = 21230, upload-time = "2025-10-26T15:12:09.109Z" },
]

[[package]]
name = "requests"
version = "2.32.5"
source = { registry = "https://pypi.org/simple" }
dependencies = [
    { name = "certifi" },
    { name = "charset-normalizer" },
    { name = "idna" },
    { name = "urllib3" },
]
sdist = { url = "https://files.pythonhosted.org/packages/c9/74/b3ff8e6c8446842c3f5c837e9c3dfcfe2018ea6ecef224c710c85ef728f4/requests-2.32.5.tar.gz", hash = "sha256:dbba0bac56e100853db0ea71b82b4dfd5fe2bf6d3754a8893c3af500cec7d7cf", size = 134517, upload-time = "2025-08-18T20:46:02.573Z" }
wheels = [
    { url = "https://files.pythonhosted.org/packages/1e/db/4254e3eabe8020b458f1a747140d32277ec7a271daf1d235b70dc0b4e6e3/requests-2.32.5-py3-none-any.whl", hash = "sha256:2462f94637a34fd532264295e186976db0f5d453d1cdd31473c85a6a161affb6", size = 64738, upload-time = "2025-08-18T20:46:00.542Z" },
]

[[package]]
name = "requests-oauthlib"
version = "2.0.0"
source = { registry = "https://pypi.org/simple" }
dependencies = [
    { name = "oauthlib" },
    { name = "requests" },
]
sdist = { url = "https://files.pythonhosted.org/packages/42/f2/05f29bc3913aea15eb670be136045bf5c5bbf4b99ecb839da9b422bb2c85/requests-oauthlib-2.0.0.tar.gz", hash = "sha256:b3dffaebd884d8cd778494369603a9e7b58d29111bf6b41bdc2dcd87203af4e9", size = 55650, upload-time = "2024-03-22T20:32:29.939Z" }
wheels = [
    { url = "https://files.pythonhosted.org/packages/3b/5d/63d4ae3b9daea098d5d6f5da83984853c1bbacd5dc826764b249fe119d24/requests_oauthlib-2.0.0-py2.py3-none-any.whl", hash = "sha256:7dd8a5c40426b779b0868c404bdef9768deccf22749cde15852df527e6269b36", size = 24179, upload-time = "2024-03-22T20:32:28.055Z" },
]

[[package]]
name = "rsa"
version = "4.9.1"
source = { registry = "https://pypi.org/simple" }
dependencies = [
    { name = "pyasn1" },
]
sdist = { url = "https://files.pythonhosted.org/packages/da/8a/22b7beea3ee0d44b1916c0c1cb0ee3af23b700b6da9f04991899d0c555d4/rsa-4.9.1.tar.gz", hash = "sha256:e7bdbfdb5497da4c07dfd35530e1a902659db6ff241e39d9953cad06ebd0ae75", size = 29034, upload-time = "2025-04-16T09:51:18.218Z" }
wheels = [
    { url = "https://files.pythonhosted.org/packages/64/8d/0133e4eb4beed9e425d9a98ed6e081a55d195481b7632472be1af08d2f6b/rsa-4.9.1-py3-none-any.whl", hash = "sha256:68635866661c6836b8d39430f97a996acbd61bfa49406748ea243539fe239762", size = 34696, upload-time = "2025-04-16T09:51:17.142Z" },
]

[[package]]
name = "typing-extensions"
version = "4.15.0"
source = { registry = "https://pypi.org/simple" }
sdist = { url = "https://files.pythonhosted.org/packages/72/94/1a15dd82efb362ac84269196e94cf00f187f7ed21c242792a923cdb1c61f/typing_extensions-4.15.0.tar.gz", hash = "sha256:0cea48d173cc12fa28ecabc3b837ea3cf6f38c6d1136f85cbaaf598984861466", size = 109391, upload-time = "2025-08-25T13:49:26.313Z" }
wheels = [
    { url = "https://files.pythonhosted.org/packages/18/67/36e9267722cc04a6b9f15c7f3441c2363321a3ea07da7ae0c0707beb2a9c/typing_extensions-4.15.0-py3-none-any.whl", hash = "sha256:f0fa19c6845758ab08074a0cfa8b7aecb71c999ca73d62883bc25cc018c4e548", size = 44614, upload-time = "2025-08-25T13:49:24.86Z" },
]

[[package]]
name = "uritemplate"
version = "4.2.0"
source = { registry = "https://pypi.org/simple" }
sdist = { url = "https://files.pythonhosted.org/packages/98/60/f174043244c5306c9988380d2cb10009f91563fc4b31293d27e17201af56/uritemplate-4.2.0.tar.gz", hash = "sha256:480c2ed180878955863323eea31b0ede668795de182617fef9c6ca09e6ec9d0e", size = 33267, upload-time = "2025-06-02T15:12:06.318Z" }
wheels = [
    { url = "https://files.pythonhosted.org/packages/a9/99/3ae339466c9183ea5b8ae87b34c0b897eda475d2aec2307cae60e5cd4f29/uritemplate-4.2.0-py3-none-any.whl", hash = "sha256:962201ba1c4edcab02e60f9a0d3821e82dfc5d2d6662a21abd533879bdb8a686", size = 11488, upload-time = "2025-06-02T15:12:03.405Z" },
]

[[package]]
name = "urllib3"
version = "2.6.3"
source = { registry = "https://pypi.org/simple" }
sdist = { url = "https://files.pythonhosted.org/packages/c7/24/5f1b3bdffd70275f6661c76461e25f024d5a38a46f04aaca912426a2b1d3/urllib3-2.6.3.tar.gz", hash = "sha256:1b62b6884944a57dbe321509ab94fd4d3b307075e0c2eae991ac71ee15ad38ed", size = 435556, upload-time = "2026-01-07T16:24:43.925Z" }
wheels = [
    { url = "https://files.pythonhosted.org/packages/39/08/aaaad47bc4e9dc8c725e68f9d04865dbcb2052843ff09c97b08904852d84/urllib3-2.6.3-py3-none-any.whl", hash = "sha256:bf272323e553dfb2e87d9bfd225ca7b0f467b919d7bbd355436d3fd37cb0acd4", size = 131584, upload-time = "2026-01-07T16:24:42.685Z" },
]

[[package]]
name = "watchdog"
version = "6.0.0"
source = { registry = "https://pypi.org/simple" }
sdist = { url = "https://files.pythonhosted.org/packages/db/7d/7f3d619e951c88ed75c6037b246ddcf2d322812ee8ea189be89511721d54/watchdog-6.0.0.tar.gz", hash = "sha256:9ddf7c82fda3ae8e24decda1338ede66e1c99883db93711d8fb941eaa2d8c282", size = 131220, upload-time = "2024-11-01T14:07:13.037Z" }
wheels = [
    { url = "https://files.pythonhosted.org/packages/a9/c7/ca4bf3e518cb57a686b2feb4f55a1892fd9a3dd13f470fca14e00f80ea36/watchdog-6.0.0-py3-none-manylinux2014_aarch64.whl", hash = "sha256:7607498efa04a3542ae3e05e64da8202e58159aa1fa4acddf7678d34a35d4f13", size = 79079, upload-time = "2024-11-01T14:06:59.472Z" },
    { url = "https://files.pythonhosted.org/packages/5c/51/d46dc9332f9a647593c947b4b88e2381c8dfc0942d15b8edc0310fa4abb1/watchdog-6.0.0-py3-none-manylinux2014_armv7l.whl", hash = "sha256:9041567ee8953024c83343288ccc458fd0a2d811d6a0fd68c4c22609e3490379", size = 79078, upload-time = "2024-11-01T14:07:01.431Z" },
    { url = "https://files.pythonhosted.org/packages/d4/57/04edbf5e169cd318d5f07b4766fee38e825d64b6913ca157ca32d1a42267/watchdog-6.0.0-py3-none-manylinux2014_i686.whl", hash = "sha256:82dc3e3143c7e38ec49d61af98d6558288c415eac98486a5c581726e0737c00e", size = 79076, upload-time = "2024-11-01T14:07:02.568Z" },
    { url = "https://files.pythonhosted.org/packages/ab/cc/da8422b300e13cb187d2203f20b9253e91058aaf7db65b74142013478e66/watchdog-6.0.0-py3-none-manylinux2014_ppc64.whl", hash = "sha256:212ac9b8bf1161dc91bd09c048048a95ca3a4c4f5e5d4a7d1b1a7d5752a7f96f", size = 79077, upload-time = "2024-11-01T14:07:03.893Z" },
    { url = "https://files.pythonhosted.org/packages/2c/3b/b8964e04ae1a025c44ba8e4291f86e97fac443bca31de8bd98d3263d2fcf/watchdog-6.0.0-py3-none-manylinux2014_ppc64le.whl", hash = "sha256:e3df4cbb9a450c6d49318f6d14f4bbc80d763fa587ba46ec86f99f9e6876bb26", size = 79078, upload-time = "2024-11-01T14:07:05.189Z" },
    { url = "https://files.pythonhosted.org/packages/62/ae/a696eb424bedff7407801c257d4b1afda455fe40821a2be430e173660e81/watchdog-6.0.0-py3-none-manylinux2014_s390x.whl", hash = "sha256:2cce7cfc2008eb51feb6aab51251fd79b85d9894e98ba847408f662b3395ca3c", size = 79077, upload-time = "2024-11-01T14:07:06.376Z" },
    { url = "https://files.pythonhosted.org/packages/b5/e8/dbf020b4d98251a9860752a094d09a65e1b436ad181faf929983f697048f/watchdog-6.0.0-py3-none-manylinux2014_x86_64.whl", hash = "sha256:20ffe5b202af80ab4266dcd3e91aae72bf2da48c0d33bdb15c66658e685e94e2", size = 79078, upload-time = "2024-11-01T14:07:07.547Z" },
    { url = "https://files.pythonhosted.org/packages/07/f6/d0e5b343768e8bcb4cda79f0f2f55051bf26177ecd5651f84c07567461cf/watchdog-6.0.0-py3-none-win32.whl", hash = "sha256:07df1fdd701c5d4c8e55ef6cf55b8f0120fe1aef7ef39a1c6fc6bc2e606d517a", size = 79065, upload-time = "2024-11-01T14:07:09.525Z" },
    { url = "https://files.pythonhosted.org/packages/db/d9/c495884c6e548fce18a8f40568ff120bc3a4b7b99813081c8ac0c936fa64/watchdog-6.0.0-py3-none-win_amd64.whl", hash = "sha256:cbafb470cf848d93b5d013e2ecb245d4aa1c8fd0504e863ccefa32445359d680", size = 79070, upload-time = "2024-11-01T14:07:10.686Z" },
    { url = "https://files.pythonhosted.org/packages/33/e8/e40370e6d74ddba47f002a32919d91310d6074130fe4e17dabcafc15cbf1/watchdog-6.0.0-py3-none-win_ia64.whl", hash = "sha256:a1914259fa9e1454315171103c6a30961236f508b9b623eae470268bbcc6a22f", size = 79067, upload-time = "2024-11-01T14:07:11.845Z" },
]
